// !$*UTF8*$!
{
	archiveVersion = 1;
	classes = {
	};
	objectVersion = 46;
	objects = {

/* Begin PBXBuildFile section */
		048ACA281999E5E0009D2949 /* Foundation.framework in Frameworks */ = {isa = PBXBuildFile; fileRef = 048ACA271999E5E0009D2949 /* Foundation.framework */; };
		048ACA2A1999E5E0009D2949 /* CoreGraphics.framework in Frameworks */ = {isa = PBXBuildFile; fileRef = 048ACA291999E5E0009D2949 /* CoreGraphics.framework */; };
		048ACA2C1999E5E0009D2949 /* UIKit.framework in Frameworks */ = {isa = PBXBuildFile; fileRef = 048ACA2B1999E5E0009D2949 /* UIKit.framework */; };
		048ACA321999E5E0009D2949 /* InfoPlist.strings in Resources */ = {isa = PBXBuildFile; fileRef = 048ACA301999E5E0009D2949 /* InfoPlist.strings */; };
		048ACA341999E5E0009D2949 /* main.m in Sources */ = {isa = PBXBuildFile; fileRef = 048ACA331999E5E0009D2949 /* main.m */; };
		048ACA381999E5E0009D2949 /* KUAppDelegate.m in Sources */ = {isa = PBXBuildFile; fileRef = 048ACA371999E5E0009D2949 /* KUAppDelegate.m */; };
		048ACA3B1999E5E0009D2949 /* Main.storyboard in Resources */ = {isa = PBXBuildFile; fileRef = 048ACA391999E5E0009D2949 /* Main.storyboard */; };
		048ACA3E1999E5E0009D2949 /* KUFirstViewController.m in Sources */ = {isa = PBXBuildFile; fileRef = 048ACA3D1999E5E0009D2949 /* KUFirstViewController.m */; };
		048ACA411999E5E0009D2949 /* KUSecondViewController.m in Sources */ = {isa = PBXBuildFile; fileRef = 048ACA401999E5E0009D2949 /* KUSecondViewController.m */; };
		048ACA431999E5E0009D2949 /* Images.xcassets in Resources */ = {isa = PBXBuildFile; fileRef = 048ACA421999E5E0009D2949 /* Images.xcassets */; };
		048ACA4A1999E5E0009D2949 /* XCTest.framework in Frameworks */ = {isa = PBXBuildFile; fileRef = 048ACA491999E5E0009D2949 /* XCTest.framework */; };
		048ACA4B1999E5E0009D2949 /* Foundation.framework in Frameworks */ = {isa = PBXBuildFile; fileRef = 048ACA271999E5E0009D2949 /* Foundation.framework */; };
		048ACA4C1999E5E0009D2949 /* UIKit.framework in Frameworks */ = {isa = PBXBuildFile; fileRef = 048ACA2B1999E5E0009D2949 /* UIKit.framework */; };
		048ACA541999E5E0009D2949 /* InfoPlist.strings in Resources */ = {isa = PBXBuildFile; fileRef = 048ACA521999E5E0009D2949 /* InfoPlist.strings */; };
		048ACA561999E5E0009D2949 /* KidsUpperTests.m in Sources */ = {isa = PBXBuildFile; fileRef = 048ACA551999E5E0009D2949 /* KidsUpperTests.m */; };
/* End PBXBuildFile section */

/* Begin PBXContainerItemProxy section */
		048ACA4D1999E5E0009D2949 /* PBXContainerItemProxy */ = {
			isa = PBXContainerItemProxy;
			containerPortal = 048ACA1C1999E5E0009D2949 /* Project object */;
			proxyType = 1;
			remoteGlobalIDString = 048ACA231999E5E0009D2949;
			remoteInfo = KidsUpper;
		};
/* End PBXContainerItemProxy section */

/* Begin PBXFileReference section */
		048ACA241999E5E0009D2949 /* KidsUpper.app */ = {isa = PBXFileReference; explicitFileType = wrapper.application; includeInIndex = 0; path = KidsUpper.app; sourceTree = BUILT_PRODUCTS_DIR; };
		048ACA271999E5E0009D2949 /* Foundation.framework */ = {isa = PBXFileReference; lastKnownFileType = wrapper.framework; name = Foundation.framework; path = System/Library/Frameworks/Foundation.framework; sourceTree = SDKROOT; };
		048ACA291999E5E0009D2949 /* CoreGraphics.framework */ = {isa = PBXFileReference; lastKnownFileType = wrapper.framework; name = CoreGraphics.framework; path = System/Library/Frameworks/CoreGraphics.framework; sourceTree = SDKROOT; };
		048ACA2B1999E5E0009D2949 /* UIKit.framework */ = {isa = PBXFileReference; lastKnownFileType = wrapper.framework; name = UIKit.framework; path = System/Library/Frameworks/UIKit.framework; sourceTree = SDKROOT; };
		048ACA2F1999E5E0009D2949 /* KidsUpper-Info.plist */ = {isa = PBXFileReference; lastKnownFileType = text.plist.xml; path = "KidsUpper-Info.plist"; sourceTree = "<group>"; };
		048ACA311999E5E0009D2949 /* en */ = {isa = PBXFileReference; lastKnownFileType = text.plist.strings; name = en; path = en.lproj/InfoPlist.strings; sourceTree = "<group>"; };
		048ACA331999E5E0009D2949 /* main.m */ = {isa = PBXFileReference; lastKnownFileType = sourcecode.c.objc; path = main.m; sourceTree = "<group>"; };
		048ACA351999E5E0009D2949 /* KidsUpper-Prefix.pch */ = {isa = PBXFileReference; lastKnownFileType = sourcecode.c.h; path = "KidsUpper-Prefix.pch"; sourceTree = "<group>"; };
		048ACA361999E5E0009D2949 /* KUAppDelegate.h */ = {isa = PBXFileReference; lastKnownFileType = sourcecode.c.h; path = KUAppDelegate.h; sourceTree = "<group>"; };
		048ACA371999E5E0009D2949 /* KUAppDelegate.m */ = {isa = PBXFileReference; lastKnownFileType = sourcecode.c.objc; path = KUAppDelegate.m; sourceTree = "<group>"; };
		048ACA3A1999E5E0009D2949 /* Base */ = {isa = PBXFileReference; lastKnownFileType = file.storyboard; name = Base; path = Base.lproj/Main.storyboard; sourceTree = "<group>"; };
		048ACA3C1999E5E0009D2949 /* KUFirstViewController.h */ = {isa = PBXFileReference; lastKnownFileType = sourcecode.c.h; path = KUFirstViewController.h; sourceTree = "<group>"; };
		048ACA3D1999E5E0009D2949 /* KUFirstViewController.m */ = {isa = PBXFileReference; lastKnownFileType = sourcecode.c.objc; path = KUFirstViewController.m; sourceTree = "<group>"; };
		048ACA3F1999E5E0009D2949 /* KUSecondViewController.h */ = {isa = PBXFileReference; lastKnownFileType = sourcecode.c.h; path = KUSecondViewController.h; sourceTree = "<group>"; };
		048ACA401999E5E0009D2949 /* KUSecondViewController.m */ = {isa = PBXFileReference; lastKnownFileType = sourcecode.c.objc; path = KUSecondViewController.m; sourceTree = "<group>"; };
		048ACA421999E5E0009D2949 /* Images.xcassets */ = {isa = PBXFileReference; lastKnownFileType = folder.assetcatalog; path = Images.xcassets; sourceTree = "<group>"; };
		048ACA481999E5E0009D2949 /* KidsUpperTests.xctest */ = {isa = PBXFileReference; explicitFileType = wrapper.cfbundle; includeInIndex = 0; path = KidsUpperTests.xctest; sourceTree = BUILT_PRODUCTS_DIR; };
		048ACA491999E5E0009D2949 /* XCTest.framework */ = {isa = PBXFileReference; lastKnownFileType = wrapper.framework; name = XCTest.framework; path = Library/Frameworks/XCTest.framework; sourceTree = DEVELOPER_DIR; };
		048ACA511999E5E0009D2949 /* KidsUpperTests-Info.plist */ = {isa = PBXFileReference; lastKnownFileType = text.plist.xml; path = "KidsUpperTests-Info.plist"; sourceTree = "<group>"; };
		048ACA531999E5E0009D2949 /* en */ = {isa = PBXFileReference; lastKnownFileType = text.plist.strings; name = en; path = en.lproj/InfoPlist.strings; sourceTree = "<group>"; };
		048ACA551999E5E0009D2949 /* KidsUpperTests.m */ = {isa = PBXFileReference; lastKnownFileType = sourcecode.c.objc; path = KidsUpperTests.m; sourceTree = "<group>"; };
/* End PBXFileReference section */

/* Begin PBXFrameworksBuildPhase section */
		048ACA211999E5E0009D2949 /* Frameworks */ = {
			isa = PBXFrameworksBuildPhase;
			buildActionMask = 2147483647;
			files = (
				048ACA2A1999E5E0009D2949 /* CoreGraphics.framework in Frameworks */,
				048ACA2C1999E5E0009D2949 /* UIKit.framework in Frameworks */,
				048ACA281999E5E0009D2949 /* Foundation.framework in Frameworks */,
			);
			runOnlyForDeploymentPostprocessing = 0;
		};
		048ACA451999E5E0009D2949 /* Frameworks */ = {
			isa = PBXFrameworksBuildPhase;
			buildActionMask = 2147483647;
			files = (
				048ACA4A1999E5E0009D2949 /* XCTest.framework in Frameworks */,
				048ACA4C1999E5E0009D2949 /* UIKit.framework in Frameworks */,
				048ACA4B1999E5E0009D2949 /* Foundation.framework in Frameworks */,
			);
			runOnlyForDeploymentPostprocessing = 0;
		};
/* End PBXFrameworksBuildPhase section */

/* Begin PBXGroup section */
		048ACA1B1999E5E0009D2949 = {
			isa = PBXGroup;
			children = (
				048ACA2D1999E5E0009D2949 /* KidsUpper */,
				048ACA4F1999E5E0009D2949 /* KidsUpperTests */,
				048ACA261999E5E0009D2949 /* Frameworks */,
				048ACA251999E5E0009D2949 /* Products */,
			);
			sourceTree = "<group>";
		};
		048ACA251999E5E0009D2949 /* Products */ = {
			isa = PBXGroup;
			children = (
				048ACA241999E5E0009D2949 /* KidsUpper.app */,
				048ACA481999E5E0009D2949 /* KidsUpperTests.xctest */,
			);
			name = Products;
			sourceTree = "<group>";
		};
		048ACA261999E5E0009D2949 /* Frameworks */ = {
			isa = PBXGroup;
			children = (
				048ACA271999E5E0009D2949 /* Foundation.framework */,
				048ACA291999E5E0009D2949 /* CoreGraphics.framework */,
				048ACA2B1999E5E0009D2949 /* UIKit.framework */,
				048ACA491999E5E0009D2949 /* XCTest.framework */,
			);
			name = Frameworks;
			sourceTree = "<group>";
		};
		048ACA2D1999E5E0009D2949 /* KidsUpper */ = {
			isa = PBXGroup;
			children = (
				048ACA361999E5E0009D2949 /* KUAppDelegate.h */,
				048ACA371999E5E0009D2949 /* KUAppDelegate.m */,
				048ACA391999E5E0009D2949 /* Main.storyboard */,
				048ACA3C1999E5E0009D2949 /* KUFirstViewController.h */,
				048ACA3D1999E5E0009D2949 /* KUFirstViewController.m */,
				048ACA3F1999E5E0009D2949 /* KUSecondViewController.h */,
				048ACA401999E5E0009D2949 /* KUSecondViewController.m */,
				048ACA421999E5E0009D2949 /* Images.xcassets */,
				048ACA2E1999E5E0009D2949 /* Supporting Files */,
			);
			path = KidsUpper;
			sourceTree = "<group>";
		};
		048ACA2E1999E5E0009D2949 /* Supporting Files */ = {
			isa = PBXGroup;
			children = (
				048ACA2F1999E5E0009D2949 /* KidsUpper-Info.plist */,
				048ACA301999E5E0009D2949 /* InfoPlist.strings */,
				048ACA331999E5E0009D2949 /* main.m */,
				048ACA351999E5E0009D2949 /* KidsUpper-Prefix.pch */,
			);
			name = "Supporting Files";
			sourceTree = "<group>";
		};
		048ACA4F1999E5E0009D2949 /* KidsUpperTests */ = {
			isa = PBXGroup;
			children = (
				048ACA551999E5E0009D2949 /* KidsUpperTests.m */,
				048ACA501999E5E0009D2949 /* Supporting Files */,
			);
			path = KidsUpperTests;
			sourceTree = "<group>";
		};
		048ACA501999E5E0009D2949 /* Supporting Files */ = {
			isa = PBXGroup;
			children = (
				048ACA511999E5E0009D2949 /* KidsUpperTests-Info.plist */,
				048ACA521999E5E0009D2949 /* InfoPlist.strings */,
			);
			name = "Supporting Files";
			sourceTree = "<group>";
		};
/* End PBXGroup section */

/* Begin PBXNativeTarget section */
		048ACA231999E5E0009D2949 /* KidsUpper */ = {
			isa = PBXNativeTarget;
			buildConfigurationList = 048ACA591999E5E0009D2949 /* Build configuration list for PBXNativeTarget "KidsUpper" */;
			buildPhases = (
				048ACA201999E5E0009D2949 /* Sources */,
				048ACA211999E5E0009D2949 /* Frameworks */,
				048ACA221999E5E0009D2949 /* Resources */,
			);
			buildRules = (
			);
			dependencies = (
			);
			name = KidsUpper;
			productName = KidsUpper;
			productReference = 048ACA241999E5E0009D2949 /* KidsUpper.app */;
			productType = "com.apple.product-type.application";
		};
		048ACA471999E5E0009D2949 /* KidsUpperTests */ = {
			isa = PBXNativeTarget;
			buildConfigurationList = 048ACA5C1999E5E0009D2949 /* Build configuration list for PBXNativeTarget "KidsUpperTests" */;
			buildPhases = (
				048ACA441999E5E0009D2949 /* Sources */,
				048ACA451999E5E0009D2949 /* Frameworks */,
				048ACA461999E5E0009D2949 /* Resources */,
			);
			buildRules = (
			);
			dependencies = (
				048ACA4E1999E5E0009D2949 /* PBXTargetDependency */,
			);
			name = KidsUpperTests;
			productName = KidsUpperTests;
			productReference = 048ACA481999E5E0009D2949 /* KidsUpperTests.xctest */;
			productType = "com.apple.product-type.bundle.unit-test";
		};
/* End PBXNativeTarget section */

/* Begin PBXProject section */
		048ACA1C1999E5E0009D2949 /* Project object */ = {
			isa = PBXProject;
			attributes = {
				CLASSPREFIX = KU;
				LastUpgradeCheck = 0510;
				ORGANIZATIONNAME = MTI;
				TargetAttributes = {
					048ACA471999E5E0009D2949 = {
						TestTargetID = 048ACA231999E5E0009D2949;
					};
				};
			};
			buildConfigurationList = 048ACA1F1999E5E0009D2949 /* Build configuration list for PBXProject "KidsUpper" */;
			compatibilityVersion = "Xcode 3.2";
			developmentRegion = English;
			hasScannedForEncodings = 0;
			knownRegions = (
				en,
				Base,
			);
			mainGroup = 048ACA1B1999E5E0009D2949;
			productRefGroup = 048ACA251999E5E0009D2949 /* Products */;
			projectDirPath = "";
			projectRoot = "";
			targets = (
				048ACA231999E5E0009D2949 /* KidsUpper */,
				048ACA471999E5E0009D2949 /* KidsUpperTests */,
			);
		};
/* End PBXProject section */

/* Begin PBXResourcesBuildPhase section */
		048ACA221999E5E0009D2949 /* Resources */ = {
			isa = PBXResourcesBuildPhase;
			buildActionMask = 2147483647;
			files = (
				048ACA431999E5E0009D2949 /* Images.xcassets in Resources */,
				048ACA321999E5E0009D2949 /* InfoPlist.strings in Resources */,
				048ACA3B1999E5E0009D2949 /* Main.storyboard in Resources */,
			);
			runOnlyForDeploymentPostprocessing = 0;
		};
		048ACA461999E5E0009D2949 /* Resources */ = {
			isa = PBXResourcesBuildPhase;
			buildActionMask = 2147483647;
			files = (
				048ACA541999E5E0009D2949 /* InfoPlist.strings in Resources */,
			);
			runOnlyForDeploymentPostprocessing = 0;
		};
/* End PBXResourcesBuildPhase section */

/* Begin PBXSourcesBuildPhase section */
		048ACA201999E5E0009D2949 /* Sources */ = {
			isa = PBXSourcesBuildPhase;
			buildActionMask = 2147483647;
			files = (
				048ACA3E1999E5E0009D2949 /* KUFirstViewController.m in Sources */,
				048ACA381999E5E0009D2949 /* KUAppDelegate.m in Sources */,
				048ACA411999E5E0009D2949 /* KUSecondViewController.m in Sources */,
				048ACA341999E5E0009D2949 /* main.m in Sources */,
			);
			runOnlyForDeploymentPostprocessing = 0;
		};
		048ACA441999E5E0009D2949 /* Sources */ = {
			isa = PBXSourcesBuildPhase;
			buildActionMask = 2147483647;
			files = (
				048ACA561999E5E0009D2949 /* KidsUpperTests.m in Sources */,
			);
			runOnlyForDeploymentPostprocessing = 0;
		};
/* End PBXSourcesBuildPhase section */

/* Begin PBXTargetDependency section */
		048ACA4E1999E5E0009D2949 /* PBXTargetDependency */ = {
			isa = PBXTargetDependency;
			target = 048ACA231999E5E0009D2949 /* KidsUpper */;
			targetProxy = 048ACA4D1999E5E0009D2949 /* PBXContainerItemProxy */;
		};
/* End PBXTargetDependency section */

/* Begin PBXVariantGroup section */
		048ACA301999E5E0009D2949 /* InfoPlist.strings */ = {
			isa = PBXVariantGroup;
			children = (
				048ACA311999E5E0009D2949 /* en */,
			);
			name = InfoPlist.strings;
			sourceTree = "<group>";
		};
		048ACA391999E5E0009D2949 /* Main.storyboard */ = {
			isa = PBXVariantGroup;
			children = (
				048ACA3A1999E5E0009D2949 /* Base */,
			);
			name = Main.storyboard;
			sourceTree = "<group>";
		};
		048ACA521999E5E0009D2949 /* InfoPlist.strings */ = {
			isa = PBXVariantGroup;
			children = (
				048ACA531999E5E0009D2949 /* en */,
			);
			name = InfoPlist.strings;
			sourceTree = "<group>";
		};
/* End PBXVariantGroup section */

/* Begin XCBuildConfiguration section */
		048ACA571999E5E0009D2949 /* Debug */ = {
			isa = XCBuildConfiguration;
			buildSettings = {
				ALWAYS_SEARCH_USER_PATHS = NO;
				CLANG_CXX_LANGUAGE_STANDARD = "gnu++0x";
				CLANG_CXX_LIBRARY = "libc++";
				CLANG_ENABLE_MODULES = YES;
				CLANG_ENABLE_OBJC_ARC = YES;
				CLANG_WARN_BOOL_CONVERSION = YES;
				CLANG_WARN_CONSTANT_CONVERSION = YES;
				CLANG_WARN_DIRECT_OBJC_ISA_USAGE = YES_ERROR;
				CLANG_WARN_EMPTY_BODY = YES;
				CLANG_WARN_ENUM_CONVERSION = YES;
				CLANG_WARN_INT_CONVERSION = YES;
				CLANG_WARN_OBJC_ROOT_CLASS = YES_ERROR;
				CLANG_WARN__DUPLICATE_METHOD_MATCH = YES;
				"CODE_SIGN_IDENTITY[sdk=iphoneos*]" = "iPhone Developer";
				COPY_PHASE_STRIP = NO;
				GCC_C_LANGUAGE_STANDARD = gnu99;
				GCC_DYNAMIC_NO_PIC = NO;
				GCC_OPTIMIZATION_LEVEL = 0;
				GCC_PREPROCESSOR_DEFINITIONS = (
					"DEBUG=1",
					"$(inherited)",
				);
				GCC_SYMBOLS_PRIVATE_EXTERN = NO;
				GCC_WARN_64_TO_32_BIT_CONVERSION = YES;
				GCC_WARN_ABOUT_RETURN_TYPE = YES_ERROR;
				GCC_WARN_UNDECLARED_SELECTOR = YES;
				GCC_WARN_UNINITIALIZED_AUTOS = YES_AGGRESSIVE;
				GCC_WARN_UNUSED_FUNCTION = YES;
				GCC_WARN_UNUSED_VARIABLE = YES;
				IPHONEOS_DEPLOYMENT_TARGET = 7.1;
				ONLY_ACTIVE_ARCH = YES;
				SDKROOT = iphoneos;
			};
			name = Debug;
		};
		048ACA581999E5E0009D2949 /* Release */ = {
			isa = XCBuildConfiguration;
			buildSettings = {
				ALWAYS_SEARCH_USER_PATHS = NO;
				CLANG_CXX_LANGUAGE_STANDARD = "gnu++0x";
				CLANG_CXX_LIBRARY = "libc++";
				CLANG_ENABLE_MODULES = YES;
				CLANG_ENABLE_OBJC_ARC = YES;
				CLANG_WARN_BOOL_CONVERSION = YES;
				CLANG_WARN_CONSTANT_CONVERSION = YES;
				CLANG_WARN_DIRECT_OBJC_ISA_USAGE = YES_ERROR;
				CLANG_WARN_EMPTY_BODY = YES;
				CLANG_WARN_ENUM_CONVERSION = YES;
				CLANG_WARN_INT_CONVERSION = YES;
				CLANG_WARN_OBJC_ROOT_CLASS = YES_ERROR;
				CLANG_WARN__DUPLICATE_METHOD_MATCH = YES;
				"CODE_SIGN_IDENTITY[sdk=iphoneos*]" = "iPhone Developer";
				COPY_PHASE_STRIP = YES;
				ENABLE_NS_ASSERTIONS = NO;
				GCC_C_LANGUAGE_STANDARD = gnu99;
				GCC_WARN_64_TO_32_BIT_CONVERSION = YES;
				GCC_WARN_ABOUT_RETURN_TYPE = YES_ERROR;
				GCC_WARN_UNDECLARED_SELECTOR = YES;
				GCC_WARN_UNINITIALIZED_AUTOS = YES_AGGRESSIVE;
				GCC_WARN_UNUSED_FUNCTION = YES;
				GCC_WARN_UNUSED_VARIABLE = YES;
				IPHONEOS_DEPLOYMENT_TARGET = 7.1;
				SDKROOT = iphoneos;
				VALIDATE_PRODUCT = YES;
			};
			name = Release;
		};
		048ACA5A1999E5E0009D2949 /* Debug */ = {
			isa = XCBuildConfiguration;
			buildSettings = {
				ASSETCATALOG_COMPILER_APPICON_NAME = AppIcon;
				ASSETCATALOG_COMPILER_LAUNCHIMAGE_NAME = LaunchImage;
				GCC_PRECOMPILE_PREFIX_HEADER = YES;
				GCC_PREFIX_HEADER = "KidsUpper/KidsUpper-Prefix.pch";
				INFOPLIST_FILE = "KidsUpper/KidsUpper-Info.plist";
				PRODUCT_NAME = "$(TARGET_NAME)";
				WRAPPER_EXTENSION = app;
			};
			name = Debug;
		};
		048ACA5B1999E5E0009D2949 /* Release */ = {
			isa = XCBuildConfiguration;
			buildSettings = {
				ASSETCATALOG_COMPILER_APPICON_NAME = AppIcon;
				ASSETCATALOG_COMPILER_LAUNCHIMAGE_NAME = LaunchImage;
				GCC_PRECOMPILE_PREFIX_HEADER = YES;
				GCC_PREFIX_HEADER = "KidsUpper/KidsUpper-Prefix.pch";
				INFOPLIST_FILE = "KidsUpper/KidsUpper-Info.plist";
				PRODUCT_NAME = "$(TARGET_NAME)";
				WRAPPER_EXTENSION = app;
			};
			name = Release;
		};
		048ACA5D1999E5E0009D2949 /* Debug */ = {
			isa = XCBuildConfiguration;
			buildSettings = {
				BUNDLE_LOADER = "$(BUILT_PRODUCTS_DIR)/KidsUpper.app/KidsUpper";
				FRAMEWORK_SEARCH_PATHS = (
					"$(SDKROOT)/Developer/Library/Frameworks",
					"$(inherited)",
					"$(DEVELOPER_FRAMEWORKS_DIR)",
				);
				GCC_PRECOMPILE_PREFIX_HEADER = YES;
				GCC_PREFIX_HEADER = "KidsUpper/KidsUpper-Prefix.pch";
				GCC_PREPROCESSOR_DEFINITIONS = (
					"DEBUG=1",
					"$(inherited)",
				);
				INFOPLIST_FILE = "KidsUpperTests/KidsUpperTests-Info.plist";
				PRODUCT_NAME = "$(TARGET_NAME)";
				TEST_HOST = "$(BUNDLE_LOADER)";
				WRAPPER_EXTENSION = xctest;
			};
			name = Debug;
		};
		048ACA5E1999E5E0009D2949 /* Release */ = {
			isa = XCBuildConfiguration;
			buildSettings = {
				BUNDLE_LOADER = "$(BUILT_PRODUCTS_DIR)/KidsUpper.app/KidsUpper";
				FRAMEWORK_SEARCH_PATHS = (
					"$(SDKROOT)/Developer/Library/Frameworks",
					"$(inherited)",
					"$(DEVELOPER_FRAMEWORKS_DIR)",
				);
				GCC_PRECOMPILE_PREFIX_HEADER = YES;
				GCC_PREFIX_HEADER = "KidsUpper/KidsUpper-Prefix.pch";
				INFOPLIST_FILE = "KidsUpperTests/KidsUpperTests-Info.plist";
				PRODUCT_NAME = "$(TARGET_NAME)";
				TEST_HOST = "$(BUNDLE_LOADER)";
				WRAPPER_EXTENSION = xctest;
			};
			name = Release;
		};
/* End XCBuildConfiguration section */

/* Begin XCConfigurationList section */
		048ACA1F1999E5E0009D2949 /* Build configuration list for PBXProject "KidsUpper" */ = {
			isa = XCConfigurationList;
			buildConfigurations = (
				048ACA571999E5E0009D2949 /* Debug */,
				048ACA581999E5E0009D2949 /* Release */,
			);
			defaultConfigurationIsVisible = 0;
			defaultConfigurationName = Release;
		};
		048ACA591999E5E0009D2949 /* Build configuration list for PBXNativeTarget "KidsUpper" */ = {
			isa = XCConfigurationList;
			buildConfigurations = (
				048ACA5A1999E5E0009D2949 /* Debug */,
				048ACA5B1999E5E0009D2949 /* Release */,
			);
			defaultConfigurationIsVisible = 0;
		};
		048ACA5C1999E5E0009D2949 /* Build configuration list for PBXNativeTarget "KidsUpperTests" */ = {
			isa = XCConfigurationList;
			buildConfigurations = (
				048ACA5D1999E5E0009D2949 /* Debug */,
				048ACA5E1999E5E0009D2949 /* Release */,
			);
			defaultConfigurationIsVisible = 0;
		};
/* End XCConfigurationList section */
	};
	rootObject = 048ACA1C1999E5E0009D2949 /* Project object */;
}
